
Microsoft Visual Studio Solution File, Format Version 12.00
# Visual Studio 15
VisualStudioVersion = 15.0.27130.2024
MinimumVisualStudioVersion = 10.0.40219.1
Project("{FAE04EC0-301F-11D3-BF4B-00C04F79EFBC}") = "FileStreamSample", "FileStreamSample\FileStreamSample.csproj", "{765892CC-82D3-498E-9C8A-51952B23074A}"
EndProject
Global
	GlobalSection(SolutionConfigurationPlatforms) = preSolution
		Debug|Any CPU = Debug|Any CPU
		Release|Any CPU = Release|Any CPU
	EndGlobalSection
	GlobalSection(ProjectConfigurationPlatforms) = postSolution
		{765892CC-82D3-498E-9C8A-51952B23074A}.Debug|Any CPU.ActiveCfg = Debug|Any CPU
		{765892CC-82D3-498E-9C8A-51952B23074A}.Debug|Any CPU.Build.0 = Debug|Any CPU
		{765892CC-82D3-498E-9C8A-51952B23074A}.Release|Any CPU.ActiveCfg = Release|Any CPU
		{765892CC-82D3-498E-9C8A-51952B23074A}.Release|Any CPU.Build.0 = Release|Any CPU
	EndGlobalSection
	GlobalSection(SolutionProperties) = preSolution
		HideSolutionNode = FALSE
	EndGlobalSection
	GlobalSection(ExtensibilityGlobals) = postSolution
		SolutionGuid = {1B7083EB-29C2-4AE6-9805-32B7F82B7F77}
	EndGlobalSection
EndGlobal
